
Microsoft Visual Studio Solution File, Format Version 12.00
# Visual Studio Version 17
VisualStudioVersion = 17.11.35222.181
MinimumVisualStudioVersion = 10.0.40219.1
Project("{FAE04EC0-301F-11D3-BF4B-00C04F79EFBC}") = "C# beginning", "C# beginning.csproj", "{93B37D95-A1A5-4B65-8127-6A9D1AB27C93}"
EndProject
Global
	GlobalSection(SolutionConfigurationPlatforms) = preSolution
		Debug|Any CPU = Debug|Any CPU
		Release|Any CPU = Release|Any CPU
	EndGlobalSection
	GlobalSection(ProjectConfigurationPlatforms) = postSolution
		{93B37D95-A1A5-4B65-8127-6A9D1AB27C93}.Debug|Any CPU.ActiveCfg = Debug|Any CPU
		{93B37D95-A1A5-4B65-8127-6A9D1AB27C93}.Debug|Any CPU.Build.0 = Debug|Any CPU
		{93B37D95-A1A5-4B65-8127-6A9D1AB27C93}.Release|Any CPU.ActiveCfg = Release|Any CPU
		{93B37D95-A1A5-4B65-8127-6A9D1AB27C93}.Release|Any CPU.Build.0 = Release|Any CPU
	EndGlobalSection
	GlobalSection(SolutionProperties) = preSolution
		HideSolutionNode = FALSE
	EndGlobalSection
	GlobalSection(ExtensibilityGlobals) = postSolution
		SolutionGuid = {8DD0A506-5D0F-4832-B09C-8BC4874F4DF1}
	EndGlobalSection
EndGlobal
